{
	"name": "delay-cmd",
	"version": "1.0.4",
	"lockfileVersion": 1,
	"requires": true,
	"dependencies": {
		"delay": {
			"version": "2.0.0",
			"resolved": "https://registry.npmjs.org/delay/-/delay-2.0.0.tgz",
			"integrity": "sha1-kRLq3APk7H4AKXM3iW8nO72R+uU=",
			"requires": {
				"p-defer": "1.0.0"
			}
		},
		"human-interval": {
			"version": "0.1.6",
			"resolved": "https://registry.npmjs.org/human-interval/-/human-interval-0.1.6.tgz",
			"integrity": "sha1-AFeXNFR2TDq8vrKu1hL8lkTmhIg="
		},
		"p-defer": {
			"version": "1.0.0",
			"resolved": "https://registry.npmjs.org/p-defer/-/p-defer-1.0.0.tgz",
			"integrity": "sha1-n26xgvbJqozXQwBKfU+WsZaw+ww="
		}
	}
}
